{
  "name": "rule-validation-api",
  "version": "1.0.0",
  "lockfileVersion": 1,
  "requires": true,
  "dependencies": {
    "@types/yup": {
      "version": "0.29.11",
      "resolved": "https://registry.npmjs.org/@types/yup/-/yup-0.29.11.tgz",
      "integrity": "sha512-9cwk3c87qQKZrT251EDoibiYRILjCmxBvvcb4meofCmx1vdnNcR9gyildy5vOHASpOKMsn42CugxUvcwK5eu1g==",
      "dev": true
    }
  }
}
